
Microsoft Visual Studio Solution File, Format Version 12.00
# Visual Studio Version 17
VisualStudioVersion = 17.14.36908.2 d17.14
MinimumVisualStudioVersion = 10.0.40219.1
Project("{FAE04EC0-301F-11D3-BF4B-00C04F79EFBC}") = "SabletrimmedBrickquilted", "SabletrimmedBrickquilted.csproj", "{3C08F65E-D198-4069-9DB8-1695FEBE6127}"
EndProject
Global
	GlobalSection(SolutionConfigurationPlatforms) = preSolution
		Debug|Any CPU = Debug|Any CPU
		Release|Any CPU = Release|Any CPU
	EndGlobalSection
	GlobalSection(ProjectConfigurationPlatforms) = postSolution
		{3C08F65E-D198-4069-9DB8-1695FEBE6127}.Debug|Any CPU.ActiveCfg = Debug|Any CPU
		{3C08F65E-D198-4069-9DB8-1695FEBE6127}.Debug|Any CPU.Build.0 = Debug|Any CPU
		{3C08F65E-D198-4069-9DB8-1695FEBE6127}.Release|Any CPU.ActiveCfg = Release|Any CPU
		{3C08F65E-D198-4069-9DB8-1695FEBE6127}.Release|Any CPU.Build.0 = Release|Any CPU
	EndGlobalSection
	GlobalSection(SolutionProperties) = preSolution
		HideSolutionNode = FALSE
	EndGlobalSection
	GlobalSection(ExtensibilityGlobals) = postSolution
		SolutionGuid = {069D1037-AF47-4FD7-8405-7B72C7A697BD}
	EndGlobalSection
EndGlobal
