
Microsoft Visual Studio Solution File, Format Version 12.00
# Visual Studio Version 17
VisualStudioVersion = 17.14.36908.2
MinimumVisualStudioVersion = 10.0.40219.1
Project("{2150E333-8FDC-42A3-9474-1A3956D46DE8}") = "src", "src", "{02EA681E-C7D8-13C7-8484-4AC65E1B71E8}"
EndProject
Project("{2150E333-8FDC-42A3-9474-1A3956D46DE8}") = "test", "test", "{99210F91-4474-47F5-BCD5-7831B11F916C}"
EndProject
Project("{FAE04EC0-301F-11D3-BF4B-00C04F79EFBC}") = "SabletrimmedBrickquilted.Dtos", "Libraries\SabletrimmedBrickquilted.Dtos\SabletrimmedBrickquilted.Dtos.csproj", "{0C2F2AD3-72D9-4EA5-A734-1B9E9023DD48}"
EndProject
Project("{FAE04EC0-301F-11D3-BF4B-00C04F79EFBC}") = "SabletrimmedBrickquilted.Domain", "Libraries\SabletrimmedBrickquilted.Domain\SabletrimmedBrickquilted.Domain.csproj", "{CFEA0222-7F95-46F2-A0DA-6B924A5AFB1E}"
EndProject
Project("{FAE04EC0-301F-11D3-BF4B-00C04F79EFBC}") = "SabletrimmedBrickquilted.Repositories", "Libraries\SabletrimmedBrickquilted.Repositories\SabletrimmedBrickquilted.Repositories.csproj", "{B5E50B86-0A86-444A-9221-B2D080DBEDE1}"
EndProject
Project("{FAE04EC0-301F-11D3-BF4B-00C04F79EFBC}") = "SabletrimmedBrickquilted.Services", "Libraries\SabletrimmedBrickquilted.Services\SabletrimmedBrickquilted.Services.csproj", "{62A0E7EA-C42F-47A1-AA63-234709F15FF2}"
EndProject
Project("{FAE04EC0-301F-11D3-BF4B-00C04F79EFBC}") = "SabletrimmedBrickquilted.API", "Libraries\SabletrimmedBrickquilted.API\SabletrimmedBrickquilted.API.csproj", "{A21C005F-0FE4-6613-9737-530C3DE0F48D}"
EndProject
Project("{FAE04EC0-301F-11D3-BF4B-00C04F79EFBC}") = "SabletrimmedBrickquilted.Core", "Libraries\SabletrimmedBrickquilted.Core\SabletrimmedBrickquilted.Core.csproj", "{9D56F978-C2A4-448E-A7D9-CB404CEFE23F}"
EndProject
Global
	GlobalSection(SolutionConfigurationPlatforms) = preSolution
		Debug|Any CPU = Debug|Any CPU
		Release|Any CPU = Release|Any CPU
	EndGlobalSection
	GlobalSection(ProjectConfigurationPlatforms) = postSolution
		{0C2F2AD3-72D9-4EA5-A734-1B9E9023DD48}.Debug|Any CPU.ActiveCfg = Debug|Any CPU
		{0C2F2AD3-72D9-4EA5-A734-1B9E9023DD48}.Debug|Any CPU.Build.0 = Debug|Any CPU
		{0C2F2AD3-72D9-4EA5-A734-1B9E9023DD48}.Release|Any CPU.ActiveCfg = Release|Any CPU
		{0C2F2AD3-72D9-4EA5-A734-1B9E9023DD48}.Release|Any CPU.Build.0 = Release|Any CPU
		{CFEA0222-7F95-46F2-A0DA-6B924A5AFB1E}.Debug|Any CPU.ActiveCfg = Debug|Any CPU
		{CFEA0222-7F95-46F2-A0DA-6B924A5AFB1E}.Debug|Any CPU.Build.0 = Debug|Any CPU
		{CFEA0222-7F95-46F2-A0DA-6B924A5AFB1E}.Release|Any CPU.ActiveCfg = Release|Any CPU
		{CFEA0222-7F95-46F2-A0DA-6B924A5AFB1E}.Release|Any CPU.Build.0 = Release|Any CPU
		{B5E50B86-0A86-444A-9221-B2D080DBEDE1}.Debug|Any CPU.ActiveCfg = Debug|Any CPU
		{B5E50B86-0A86-444A-9221-B2D080DBEDE1}.Debug|Any CPU.Build.0 = Debug|Any CPU
		{B5E50B86-0A86-444A-9221-B2D080DBEDE1}.Release|Any CPU.ActiveCfg = Release|Any CPU
		{B5E50B86-0A86-444A-9221-B2D080DBEDE1}.Release|Any CPU.Build.0 = Release|Any CPU
		{62A0E7EA-C42F-47A1-AA63-234709F15FF2}.Debug|Any CPU.ActiveCfg = Debug|Any CPU
		{62A0E7EA-C42F-47A1-AA63-234709F15FF2}.Debug|Any CPU.Build.0 = Debug|Any CPU
		{62A0E7EA-C42F-47A1-AA63-234709F15FF2}.Release|Any CPU.ActiveCfg = Release|Any CPU
		{62A0E7EA-C42F-47A1-AA63-234709F15FF2}.Release|Any CPU.Build.0 = Release|Any CPU
		{A21C005F-0FE4-6613-9737-530C3DE0F48D}.Debug|Any CPU.ActiveCfg = Debug|Any CPU
		{A21C005F-0FE4-6613-9737-530C3DE0F48D}.Debug|Any CPU.Build.0 = Debug|Any CPU
		{A21C005F-0FE4-6613-9737-530C3DE0F48D}.Release|Any CPU.ActiveCfg = Release|Any CPU
		{A21C005F-0FE4-6613-9737-530C3DE0F48D}.Release|Any CPU.Build.0 = Release|Any CPU
		{9D56F978-C2A4-448E-A7D9-CB404CEFE23F}.Debug|Any CPU.ActiveCfg = Debug|Any CPU
		{9D56F978-C2A4-448E-A7D9-CB404CEFE23F}.Debug|Any CPU.Build.0 = Debug|Any CPU
		{9D56F978-C2A4-448E-A7D9-CB404CEFE23F}.Release|Any CPU.ActiveCfg = Release|Any CPU
		{9D56F978-C2A4-448E-A7D9-CB404CEFE23F}.Release|Any CPU.Build.0 = Release|Any CPU
	EndGlobalSection
	GlobalSection(SolutionProperties) = preSolution
		HideSolutionNode = FALSE
	EndGlobalSection
	GlobalSection(NestedProjects) = preSolution
		{0C2F2AD3-72D9-4EA5-A734-1B9E9023DD48} = {02EA681E-C7D8-13C7-8484-4AC65E1B71E8}
		{CFEA0222-7F95-46F2-A0DA-6B924A5AFB1E} = {02EA681E-C7D8-13C7-8484-4AC65E1B71E8}
		{B5E50B86-0A86-444A-9221-B2D080DBEDE1} = {02EA681E-C7D8-13C7-8484-4AC65E1B71E8}
		{62A0E7EA-C42F-47A1-AA63-234709F15FF2} = {02EA681E-C7D8-13C7-8484-4AC65E1B71E8}
		{A21C005F-0FE4-6613-9737-530C3DE0F48D} = {02EA681E-C7D8-13C7-8484-4AC65E1B71E8}
		{9D56F978-C2A4-448E-A7D9-CB404CEFE23F} = {02EA681E-C7D8-13C7-8484-4AC65E1B71E8}
	EndGlobalSection
	GlobalSection(ExtensibilityGlobals) = postSolution
		SolutionGuid = {069D1037-AF47-4FD7-8405-7B72C7A697BD}
	EndGlobalSection
EndGlobal
